
Microsoft Visual Studio Solution File, Format Version 12.00
# Visual Studio 15
VisualStudioVersion = 15.0.27130.2027
MinimumVisualStudioVersion = 10.0.40219.1
Project("{FAE04EC0-301F-11D3-BF4B-00C04F79EFBC}") = "KPeterson_HW03", "KPeterson_HW03\KPeterson_HW03.csproj", "{4436D92E-4F6B-4D6F-A7A8-34DD606035FA}"
EndProject
Project("{FAE04EC0-301F-11D3-BF4B-00C04F79EFBC}") = "KPeterson_HW03_Tests", "KPeterson_HW03_Tests\KPeterson_HW03_Tests.csproj", "{4C821E89-C54F-4F44-89B3-08C95846A317}"
EndProject
Project("{9A19103F-16F7-4668-BE54-9A1E7A4F7556}") = "SharedViewModel2", "SharedViewModel2\SharedViewModel2.csproj", "{45A054FD-EA36-41B4-9E12-4E7D19A8A590}"
EndProject
Project("{FAE04EC0-301F-11D3-BF4B-00C04F79EFBC}") = "MyAvalonia", "MyAvalonia\MyAvalonia.csproj", "{F32CACE3-211D-49A0-8248-2FCE2E59D689}"
EndProject
Global
	GlobalSection(SolutionConfigurationPlatforms) = preSolution
		Debug|Any CPU = Debug|Any CPU
		Release|Any CPU = Release|Any CPU
	EndGlobalSection
	GlobalSection(ProjectConfigurationPlatforms) = postSolution
		{4436D92E-4F6B-4D6F-A7A8-34DD606035FA}.Debug|Any CPU.ActiveCfg = Debug|Any CPU
		{4436D92E-4F6B-4D6F-A7A8-34DD606035FA}.Debug|Any CPU.Build.0 = Debug|Any CPU
		{4436D92E-4F6B-4D6F-A7A8-34DD606035FA}.Release|Any CPU.ActiveCfg = Release|Any CPU
		{4436D92E-4F6B-4D6F-A7A8-34DD606035FA}.Release|Any CPU.Build.0 = Release|Any CPU
		{4C821E89-C54F-4F44-89B3-08C95846A317}.Debug|Any CPU.ActiveCfg = Debug|Any CPU
		{4C821E89-C54F-4F44-89B3-08C95846A317}.Debug|Any CPU.Build.0 = Debug|Any CPU
		{4C821E89-C54F-4F44-89B3-08C95846A317}.Release|Any CPU.ActiveCfg = Release|Any CPU
		{4C821E89-C54F-4F44-89B3-08C95846A317}.Release|Any CPU.Build.0 = Release|Any CPU
		{45A054FD-EA36-41B4-9E12-4E7D19A8A590}.Debug|Any CPU.ActiveCfg = Debug|Any CPU
		{45A054FD-EA36-41B4-9E12-4E7D19A8A590}.Debug|Any CPU.Build.0 = Debug|Any CPU
		{45A054FD-EA36-41B4-9E12-4E7D19A8A590}.Release|Any CPU.ActiveCfg = Release|Any CPU
		{45A054FD-EA36-41B4-9E12-4E7D19A8A590}.Release|Any CPU.Build.0 = Release|Any CPU
		{F32CACE3-211D-49A0-8248-2FCE2E59D689}.Debug|Any CPU.ActiveCfg = Debug|Any CPU
		{F32CACE3-211D-49A0-8248-2FCE2E59D689}.Debug|Any CPU.Build.0 = Debug|Any CPU
		{F32CACE3-211D-49A0-8248-2FCE2E59D689}.Release|Any CPU.ActiveCfg = Release|Any CPU
		{F32CACE3-211D-49A0-8248-2FCE2E59D689}.Release|Any CPU.Build.0 = Release|Any CPU
	EndGlobalSection
	GlobalSection(SolutionProperties) = preSolution
		HideSolutionNode = FALSE
	EndGlobalSection
	GlobalSection(ExtensibilityGlobals) = postSolution
		SolutionGuid = {0A05CE88-37F6-4C0C-B37D-BEC2BE937548}
	EndGlobalSection
EndGlobal
